<?xml version="1.0" encoding="utf-8"?>
<Project ToolsVersion="4.0" xmlns="http://schemas.microsoft.com/developer/msbuild/2003">
  <ItemGroup>
    <Filter Include="소스 파일">
      <UniqueIdentifier>{4FC737F1-C7A5-4376-A066-2A32D752A2FF}</UniqueIdentifier>
      <Extensions>cpp;c;cc;cxx;def;odl;idl;hpj;bat;asm;asmx</Extensions>
    </Filter>
    <Filter Include="헤더 파일">
      <UniqueIdentifier>{93995380-89BD-4b04-88EB-625FBE52EBFB}</UniqueIdentifier>
      <Extensions>h;hh;hpp;hxx;hm;inl;inc;ipp;xsd</Extensions>
    </Filter>
    <Filter Include="리소스 파일">
      <UniqueIdentifier>{67DA6AB6-F800-4c08-8B7A-83BB121AAD01}</UniqueIdentifier>
      <Extensions>rc;ico;cur;bmp;dlg;rc2;rct;bin;rgs;gif;jpg;jpeg;jpe;resx;tiff;tif;png;wav;mfcribbon-ms</Extensions>
    </Filter>
    <Filter Include="dxtk">
      <UniqueIdentifier>{f147ceb2-7f66-4a2f-b642-f7414b3f98a3}</UniqueIdentifier>
    </Filter>
    <Filter Include="DX">
      <UniqueIdentifier>{24467a6c-1307-41b6-83ae-982edd16d413}</UniqueIdentifier>
    </Filter>
    <Filter Include="core">
      <UniqueIdentifier>{591eeb68-9f53-459e-a8dc-8c624bf30c54}</UniqueIdentifier>
    </Filter>
    <Filter Include="fomd">
      <UniqueIdentifier>{613fc358-3ed9-4f6a-8a3c-c88ab6233699}</UniqueIdentifier>
    </Filter>
  </ItemGroup>
  <ItemGroup>
    <ClInclude Include="dxtk\DDS.h">
      <Filter>dxtk</Filter>
    </ClInclude>
    <ClInclude Include="dxtk\DirectXHelpers.h">
      <Filter>dxtk</Filter>
    </ClInclude>
    <ClInclude Include="dxtk\DDSTextureLoader.h">
      <Filter>dxtk</Filter>
    </ClInclude>
    <ClInclude Include="dxtk\LoaderHelpers.h">
      <Filter>dxtk</Filter>
    </ClInclude>
    <ClInclude Include="dxtk\pch.h">
      <Filter>dxtk</Filter>
    </ClInclude>
    <ClInclude Include="dxtk\PlatformHelpers.h">
      <Filter>dxtk</Filter>
    </ClInclude>
    <ClInclude Include="dxtk\WICTextureLoader.h">
      <Filter>dxtk</Filter>
    </ClInclude>
    <ClInclude Include="SimpleMath.h">
      <Filter>dxtk</Filter>
    </ClInclude>
    <ClInclude Include="KInPut.h">
      <Filter>헤더 파일</Filter>
    </ClInclude>
    <ClInclude Include="KCore.h">
      <Filter>core</Filter>
    </ClInclude>
    <ClInclude Include="KDevice.h">
      <Filter>core</Filter>
    </ClInclude>
    <ClInclude Include="KWindow.h">
      <Filter>core</Filter>
    </ClInclude>
    <ClInclude Include="KCoreStd.h">
      <Filter>core</Filter>
    </ClInclude>
    <ClInclude Include="KDxState.h">
      <Filter>DX</Filter>
    </ClInclude>
    <ClInclude Include="KTimer.h">
      <Filter>헤더 파일</Filter>
    </ClInclude>
    <ClInclude Include="KWrite.h">
      <Filter>헤더 파일</Filter>
    </ClInclude>
    <ClInclude Include="KTexture.h">
      <Filter>DX</Filter>
    </ClInclude>
    <ClInclude Include="KTextureManager.h">
      <Filter>DX</Filter>
    </ClInclude>
    <ClInclude Include="fomd\fmod.h">
      <Filter>fomd</Filter>
    </ClInclude>
    <ClInclude Include="fomd\fmod.hpp">
      <Filter>fomd</Filter>
    </ClInclude>
    <ClInclude Include="fomd\fmod_codec.h">
      <Filter>fomd</Filter>
    </ClInclude>
    <ClInclude Include="fomd\fmod_common.h">
      <Filter>fomd</Filter>
    </ClInclude>
    <ClInclude Include="fomd\fmod_dsp.h">
      <Filter>fomd</Filter>
    </ClInclude>
    <ClInclude Include="fomd\fmod_dsp_effects.h">
      <Filter>fomd</Filter>
    </ClInclude>
    <ClInclude Include="fomd\fmod_errors.h">
      <Filter>fomd</Filter>
    </ClInclude>
    <ClInclude Include="fomd\fmod_output.h">
      <Filter>fomd</Filter>
    </ClInclude>
    <ClInclude Include="KStd.h">
      <Filter>core</Filter>
    </ClInclude>
    <ClInclude Include="KSound.h">
      <Filter>헤더 파일</Filter>
    </ClInclude>
    <ClInclude Include="KSoundManager.h">
      <Filter>헤더 파일</Filter>
    </ClInclude>
  </ItemGroup>
  <ItemGroup>
    <ClCompile Include="dxtk\DDSTextureLoader.cpp">
      <Filter>dxtk</Filter>
    </ClCompile>
    <ClCompile Include="dxtk\WICTextureLoader.cpp">
      <Filter>dxtk</Filter>
    </ClCompile>
    <ClCompile Include="SimpleMath.cpp">
      <Filter>dxtk</Filter>
    </ClCompile>
    <ClCompile Include="KInPut.cpp">
      <Filter>소스 파일</Filter>
    </ClCompile>
    <ClCompile Include="KCore.cpp">
      <Filter>core</Filter>
    </ClCompile>
    <ClCompile Include="KDevice.cpp">
      <Filter>core</Filter>
    </ClCompile>
    <ClCompile Include="KWindow.cpp">
      <Filter>core</Filter>
    </ClCompile>
    <ClCompile Include="KDxState.cpp">
      <Filter>DX</Filter>
    </ClCompile>
    <ClCompile Include="KTimer.cpp">
      <Filter>소스 파일</Filter>
    </ClCompile>
    <ClCompile Include="KWrite.cpp">
      <Filter>소스 파일</Filter>
    </ClCompile>
    <ClCompile Include="KTextureManager.cpp">
      <Filter>DX</Filter>
    </ClCompile>
    <ClCompile Include="KTexture.cpp">
      <Filter>DX</Filter>
    </ClCompile>
    <ClCompile Include="KSound.cpp">
      <Filter>소스 파일</Filter>
    </ClCompile>
    <ClCompile Include="KSoundManager.cpp">
      <Filter>소스 파일</Filter>
    </ClCompile>
  </ItemGroup>
  <ItemGroup>
    <None Include="SimpleMath.inl">
      <Filter>dxtk</Filter>
    </None>
    <None Include="fomd\fmod.cs">
      <Filter>fomd</Filter>
    </None>
    <None Include="fomd\fmod_dsp.cs">
      <Filter>fomd</Filter>
    </None>
    <None Include="fomd\fmod_errors.cs">
      <Filter>fomd</Filter>
    </None>
  </ItemGroup>
</Project>