
Microsoft Visual Studio Solution File, Format Version 12.00
# Visual Studio 15
VisualStudioVersion = 15.0.28307.1231
MinimumVisualStudioVersion = 10.0.40219.1
Project("{2150E333-8FDC-42A3-9474-1A3956D46DE8}") = "c언어", "c언어", "{DF3D41CB-2F83-4E26-A14E-E93729A1C10B}"
EndProject
Project("{8BC9CEB8-8B4A-11D0-8D11-00A0C91BC942}") = "Project1", "Project1\Project1.vcxproj", "{D639D2B7-1211-4399-965D-4B3035CD3FD8}"
EndProject
Project("{8BC9CEB8-8B4A-11D0-8D11-00A0C91BC942}") = "Myprojects", "Myprojects\Myprojects.vcxproj", "{DF90EE03-D253-4391-8804-AFEA2B2C701B}"
EndProject
Project("{8BC9CEB8-8B4A-11D0-8D11-00A0C91BC942}") = "C_Lang", "C_Lang\C_Lang.vcxproj", "{36807F9A-9B78-43C9-BB82-0A453C05CB29}"
EndProject
Project("{8BC9CEB8-8B4A-11D0-8D11-00A0C91BC942}") = "C_Lang1", "C_Lang1\C_Lang1.vcxproj", "{5B9FA513-2999-4406-B02A-60144BC84DA2}"
EndProject
Project("{8BC9CEB8-8B4A-11D0-8D11-00A0C91BC942}") = "C_Lang2", "C_Lang2\C_Lang2.vcxproj", "{37458D2D-0CAE-4A0E-AEE0-1921CF20BBF9}"
EndProject
Project("{8BC9CEB8-8B4A-11D0-8D11-00A0C91BC942}") = "Diamond", "Diamond\Diamond.vcxproj", "{8262BD9B-4A55-46EA-9E48-8E2A1753A5E9}"
EndProject
Project("{8BC9CEB8-8B4A-11D0-8D11-00A0C91BC942}") = "HanoiTower", "HanoiTower\HanoiTower.vcxproj", "{B70C693E-D818-4B2E-AC06-D70D63BEC2ED}"
EndProject
Project("{8BC9CEB8-8B4A-11D0-8D11-00A0C91BC942}") = "MagicSquare", "MagicSquare\MagicSquare.vcxproj", "{52A3C073-D780-4775-ABD2-0D10FF9C5999}"
EndProject
Project("{8BC9CEB8-8B4A-11D0-8D11-00A0C91BC942}") = "Omok", "Omok\Omok.vcxproj", "{88783ED4-88D5-4455-BA5A-5273B7992EB2}"
EndProject
Project("{8BC9CEB8-8B4A-11D0-8D11-00A0C91BC942}") = "FileIO", "FileIO\FileIO.vcxproj", "{E543137F-CF50-41FD-B5CC-0DEB1CA38C69}"
EndProject
Project("{8BC9CEB8-8B4A-11D0-8D11-00A0C91BC942}") = "StudentMgr", "StudentMgr\StudentMgr.vcxproj", "{5E689C81-C4C8-4D14-9EC1-0759FBF24DA9}"
EndProject
Project("{8BC9CEB8-8B4A-11D0-8D11-00A0C91BC942}") = "MyGame", "MyGame\MyGame.vcxproj", "{9617D1A3-A25C-4D21-A6AE-97ED6C64CFFB}"
EndProject
Project("{8BC9CEB8-8B4A-11D0-8D11-00A0C91BC942}") = "LinkedList", "LinkedList\LinkedList.vcxproj", "{995D4E27-95C5-4B44-BB8C-870E68B7CA70}"
EndProject
Project("{8BC9CEB8-8B4A-11D0-8D11-00A0C91BC942}") = "MyLinkedList", "MyLinkedList\MyLinkedList.vcxproj", "{D4E8C9A9-ED98-47F4-A799-7A3C6850787F}"
EndProject
Project("{8BC9CEB8-8B4A-11D0-8D11-00A0C91BC942}") = "TRegion", "TRegion\TRegion.vcxproj", "{4B3C0B98-AF6A-4241-A2E3-C93D08B2755A}"
EndProject
Project("{2150E333-8FDC-42A3-9474-1A3956D46DE8}") = "c++", "c++", "{BE1B7D70-2CF2-4B27-8A3B-2A39C7D49B04}"
EndProject
Project("{8BC9CEB8-8B4A-11D0-8D11-00A0C91BC942}") = "Operator", "Operator\Operator.vcxproj", "{2678CF4F-9555-4B49-8ADE-5D34C961E3DD}"
EndProject
Project("{8BC9CEB8-8B4A-11D0-8D11-00A0C91BC942}") = "Polymorpphism", "Polymorpphism\Polymorpphism.vcxproj", "{08ACECAD-4BB4-4509-A5A0-3260A0BD95B3}"
EndProject
Project("{8BC9CEB8-8B4A-11D0-8D11-00A0C91BC942}") = "STL", "STL\STL.vcxproj", "{985FD626-042A-408C-9B67-E9A4EB955327}"
EndProject
Project("{8BC9CEB8-8B4A-11D0-8D11-00A0C91BC942}") = "STLList", "STLList\STLList.vcxproj", "{534DD96C-AFDE-496D-81FE-2A08C4D52986}"
EndProject
Project("{8BC9CEB8-8B4A-11D0-8D11-00A0C91BC942}") = "Map", "Map\Map.vcxproj", "{51043084-BE38-41DF-A7C7-969B99846813}"
EndProject
Project("{8BC9CEB8-8B4A-11D0-8D11-00A0C91BC942}") = "myInve", "myInve\myInve.vcxproj", "{F6BA3B3D-CDFB-429E-B91B-03AEF2F563F0}"
EndProject
Project("{2150E333-8FDC-42A3-9474-1A3956D46DE8}") = "Game", "Game", "{21C65776-340C-4FA5-8E91-CD320DCDF439}"
EndProject
Project("{8BC9CEB8-8B4A-11D0-8D11-00A0C91BC942}") = "myGame1", "myGame1\myGame1.vcxproj", "{BDD4E5A7-72F0-42B6-86D0-693836CD526D}"
EndProject
Project("{8BC9CEB8-8B4A-11D0-8D11-00A0C91BC942}") = "windosampe", "windosampe\windosampe.vcxproj", "{BF0307D3-5B0D-407C-8073-002522DE7866}"
EndProject
Project("{8BC9CEB8-8B4A-11D0-8D11-00A0C91BC942}") = "MyGame2", "MyGame2\MyGame2.vcxproj", "{9E79CF2E-795B-4E75-AA41-F6EDBA79D985}"
EndProject
Project("{8BC9CEB8-8B4A-11D0-8D11-00A0C91BC942}") = "myGame3", "myGame3\myGame3.vcxproj", "{3C4CADE5-1639-49D6-8B5A-17D58FEDF0DF}"
EndProject
Project("{8BC9CEB8-8B4A-11D0-8D11-00A0C91BC942}") = "CoreLib", "CoreLib\CoreLib.vcxproj", "{12EC39AB-0E8C-4A63-BC5C-40C2E8F461BE}"
EndProject
Project("{2150E333-8FDC-42A3-9474-1A3956D46DE8}") = "B", "B", "{57C9D91F-AF70-4E6F-A4D1-75C40158F986}"
EndProject
Project("{2150E333-8FDC-42A3-9474-1A3956D46DE8}") = "00_Window", "00_Window", "{421144B9-1994-459F-AAC9-A1D1235EEE89}"
EndProject
Project("{8BC9CEB8-8B4A-11D0-8D11-00A0C91BC942}") = "Demoprojects1", "Demoprojects1\Demoprojects1.vcxproj", "{D6F9FEF2-03B8-4B20-BA54-688FE01E5A5B}"
EndProject
Project("{8BC9CEB8-8B4A-11D0-8D11-00A0C91BC942}") = "Demoprojects2", "Demoprojects2\Demoprojects2.vcxproj", "{A956D1CE-75B9-403A-8DCC-61F9B7A75C3F}"
EndProject
Project("{8BC9CEB8-8B4A-11D0-8D11-00A0C91BC942}") = "Demoprojects3", "Demoprojects3\Demoprojects3.vcxproj", "{406E16EE-8967-4A2E-9453-44E9392A99EF}"
EndProject
Project("{2150E333-8FDC-42A3-9474-1A3956D46DE8}") = "SJH", "SJH", "{56A18FEB-F470-4B12-BAA3-BBAABE535A14}"
EndProject
Project("{8BC9CEB8-8B4A-11D0-8D11-00A0C91BC942}") = "my_A_Algorithm", "my_A_Algorithm\my_A_Algorithm.vcxproj", "{1C8599AA-B000-4020-BA34-BC17CFCBCE6D}"
EndProject
Project("{8BC9CEB8-8B4A-11D0-8D11-00A0C91BC942}") = "DemoProjects4", "DemoProjects4\DemoProjects4.vcxproj", "{00210D4C-5B55-44ED-B69C-B0FB1AE56335}"
EndProject
Project("{8BC9CEB8-8B4A-11D0-8D11-00A0C91BC942}") = "sCoreLib", "sCoreLib\sCoreLib.vcxproj", "{DAF8F1CB-6EC7-4D29-83D8-1841CC2CB8AB}"
EndProject
Project("{8BC9CEB8-8B4A-11D0-8D11-00A0C91BC942}") = "DemoObject", "DemoProjects5\DemoProjects5.vcxproj", "{EF266E84-E14C-4F76-BC88-81FECC0E708F}"
EndProject
Project("{8BC9CEB8-8B4A-11D0-8D11-00A0C91BC942}") = "DemoBitmap1", "DemoBitmap1\DemoBitmap1.vcxproj", "{5AFC3A1E-09FA-449A-9F78-4A08C390C4EE}"
EndProject
Project("{8BC9CEB8-8B4A-11D0-8D11-00A0C91BC942}") = "Demo", "DemoObject1\DemoObject1.vcxproj", "{73F08FFE-9F9A-4190-A016-49C4AA3BEF0B}"
EndProject
Project("{8BC9CEB8-8B4A-11D0-8D11-00A0C91BC942}") = "DemoCreateCollsion", "DemoCreateCollsion\DemoCreateCollsion.vcxproj", "{1D1786FF-6406-431A-AB53-DF5784672DDC}"
EndProject
Project("{8BC9CEB8-8B4A-11D0-8D11-00A0C91BC942}") = "DemoLoadDIB", "DemoLoadDIB\DemoLoadDIB.vcxproj", "{A22ABF62-948A-4B24-9AD7-CDF75AC252BA}"
EndProject
Project("{8BC9CEB8-8B4A-11D0-8D11-00A0C91BC942}") = "DemoCreateRotalion1", "DemoCreateRotalion1\DemoCreateRotalion1.vcxproj", "{60BD2318-6FE0-4C95-880E-B39383AC39D3}"
EndProject
Project("{8BC9CEB8-8B4A-11D0-8D11-00A0C91BC942}") = "DemoScroll1", "DemoScroll1\DemoScroll1.vcxproj", "{66196010-4EBE-4DF7-B28E-10B27B5AECB4}"
EndProject
Project("{8BC9CEB8-8B4A-11D0-8D11-00A0C91BC942}") = "DemoSprite", "DemoSprite\DemoSprite.vcxproj", "{A3A7066F-6787-4DB8-8CB3-D1B1CB564BEE}"
EndProject
Project("{8BC9CEB8-8B4A-11D0-8D11-00A0C91BC942}") = "DemoCreateFSM", "DemoCreateFSM\DemoCreateFSM.vcxproj", "{A30660A6-9EC3-4D3D-82AD-01D9579ACECC}"
EndProject
Project("{8BC9CEB8-8B4A-11D0-8D11-00A0C91BC942}") = "TESTM", "TESTM\TESTM.vcxproj", "{C300D24C-C33B-43B0-8F6F-3A37D3D62EF6}"
EndProject
Global
	GlobalSection(SolutionConfigurationPlatforms) = preSolution
		Debug|Any CPU = Debug|Any CPU
		Debug|x64 = Debug|x64
		Debug|x86 = Debug|x86
		Release|Any CPU = Release|Any CPU
		Release|x64 = Release|x64
		Release|x86 = Release|x86
	EndGlobalSection
	GlobalSection(ProjectConfigurationPlatforms) = postSolution
		{D639D2B7-1211-4399-965D-4B3035CD3FD8}.Debug|Any CPU.ActiveCfg = Debug|Win32
		{D639D2B7-1211-4399-965D-4B3035CD3FD8}.Debug|x64.ActiveCfg = Debug|x64
		{D639D2B7-1211-4399-965D-4B3035CD3FD8}.Debug|x64.Build.0 = Debug|x64
		{D639D2B7-1211-4399-965D-4B3035CD3FD8}.Debug|x86.ActiveCfg = Debug|Win32
		{D639D2B7-1211-4399-965D-4B3035CD3FD8}.Debug|x86.Build.0 = Debug|Win32
		{D639D2B7-1211-4399-965D-4B3035CD3FD8}.Release|Any CPU.ActiveCfg = Release|Win32
		{D639D2B7-1211-4399-965D-4B3035CD3FD8}.Release|x64.ActiveCfg = Release|x64
		{D639D2B7-1211-4399-965D-4B3035CD3FD8}.Release|x64.Build.0 = Release|x64
		{D639D2B7-1211-4399-965D-4B3035CD3FD8}.Release|x86.ActiveCfg = Release|Win32
		{D639D2B7-1211-4399-965D-4B3035CD3FD8}.Release|x86.Build.0 = Release|Win32
		{DF90EE03-D253-4391-8804-AFEA2B2C701B}.Debug|Any CPU.ActiveCfg = Debug|Win32
		{DF90EE03-D253-4391-8804-AFEA2B2C701B}.Debug|x64.ActiveCfg = Debug|x64
		{DF90EE03-D253-4391-8804-AFEA2B2C701B}.Debug|x64.Build.0 = Debug|x64
		{DF90EE03-D253-4391-8804-AFEA2B2C701B}.Debug|x86.ActiveCfg = Debug|Win32
		{DF90EE03-D253-4391-8804-AFEA2B2C701B}.Debug|x86.Build.0 = Debug|Win32
		{DF90EE03-D253-4391-8804-AFEA2B2C701B}.Release|Any CPU.ActiveCfg = Release|Win32
		{DF90EE03-D253-4391-8804-AFEA2B2C701B}.Release|x64.ActiveCfg = Release|x64
		{DF90EE03-D253-4391-8804-AFEA2B2C701B}.Release|x64.Build.0 = Release|x64
		{DF90EE03-D253-4391-8804-AFEA2B2C701B}.Release|x86.ActiveCfg = Release|Win32
		{DF90EE03-D253-4391-8804-AFEA2B2C701B}.Release|x86.Build.0 = Release|Win32
		{36807F9A-9B78-43C9-BB82-0A453C05CB29}.Debug|Any CPU.ActiveCfg = Debug|Win32
		{36807F9A-9B78-43C9-BB82-0A453C05CB29}.Debug|x64.ActiveCfg = Debug|x64
		{36807F9A-9B78-43C9-BB82-0A453C05CB29}.Debug|x64.Build.0 = Debug|x64
		{36807F9A-9B78-43C9-BB82-0A453C05CB29}.Debug|x86.ActiveCfg = Debug|Win32
		{36807F9A-9B78-43C9-BB82-0A453C05CB29}.Debug|x86.Build.0 = Debug|Win32
		{36807F9A-9B78-43C9-BB82-0A453C05CB29}.Release|Any CPU.ActiveCfg = Release|Win32
		{36807F9A-9B78-43C9-BB82-0A453C05CB29}.Release|x64.ActiveCfg = Release|x64
		{36807F9A-9B78-43C9-BB82-0A453C05CB29}.Release|x64.Build.0 = Release|x64
		{36807F9A-9B78-43C9-BB82-0A453C05CB29}.Release|x86.ActiveCfg = Release|Win32
		{36807F9A-9B78-43C9-BB82-0A453C05CB29}.Release|x86.Build.0 = Release|Win32
		{5B9FA513-2999-4406-B02A-60144BC84DA2}.Debug|Any CPU.ActiveCfg = Debug|Win32
		{5B9FA513-2999-4406-B02A-60144BC84DA2}.Debug|x64.ActiveCfg = Debug|x64
		{5B9FA513-2999-4406-B02A-60144BC84DA2}.Debug|x64.Build.0 = Debug|x64
		{5B9FA513-2999-4406-B02A-60144BC84DA2}.Debug|x86.ActiveCfg = Debug|Win32
		{5B9FA513-2999-4406-B02A-60144BC84DA2}.Debug|x86.Build.0 = Debug|Win32
		{5B9FA513-2999-4406-B02A-60144BC84DA2}.Release|Any CPU.ActiveCfg = Release|Win32
		{5B9FA513-2999-4406-B02A-60144BC84DA2}.Release|x64.ActiveCfg = Release|x64
		{5B9FA513-2999-4406-B02A-60144BC84DA2}.Release|x64.Build.0 = Release|x64
		{5B9FA513-2999-4406-B02A-60144BC84DA2}.Release|x86.ActiveCfg = Release|Win32
		{5B9FA513-2999-4406-B02A-60144BC84DA2}.Release|x86.Build.0 = Release|Win32
		{37458D2D-0CAE-4A0E-AEE0-1921CF20BBF9}.Debug|Any CPU.ActiveCfg = Debug|Win32
		{37458D2D-0CAE-4A0E-AEE0-1921CF20BBF9}.Debug|x64.ActiveCfg = Debug|x64
		{37458D2D-0CAE-4A0E-AEE0-1921CF20BBF9}.Debug|x64.Build.0 = Debug|x64
		{37458D2D-0CAE-4A0E-AEE0-1921CF20BBF9}.Debug|x86.ActiveCfg = Debug|Win32
		{37458D2D-0CAE-4A0E-AEE0-1921CF20BBF9}.Debug|x86.Build.0 = Debug|Win32
		{37458D2D-0CAE-4A0E-AEE0-1921CF20BBF9}.Release|Any CPU.ActiveCfg = Release|Win32
		{37458D2D-0CAE-4A0E-AEE0-1921CF20BBF9}.Release|x64.ActiveCfg = Release|x64
		{37458D2D-0CAE-4A0E-AEE0-1921CF20BBF9}.Release|x64.Build.0 = Release|x64
		{37458D2D-0CAE-4A0E-AEE0-1921CF20BBF9}.Release|x86.ActiveCfg = Release|Win32
		{37458D2D-0CAE-4A0E-AEE0-1921CF20BBF9}.Release|x86.Build.0 = Release|Win32
		{8262BD9B-4A55-46EA-9E48-8E2A1753A5E9}.Debug|Any CPU.ActiveCfg = Debug|Win32
		{8262BD9B-4A55-46EA-9E48-8E2A1753A5E9}.Debug|x64.ActiveCfg = Debug|x64
		{8262BD9B-4A55-46EA-9E48-8E2A1753A5E9}.Debug|x64.Build.0 = Debug|x64
		{8262BD9B-4A55-46EA-9E48-8E2A1753A5E9}.Debug|x86.ActiveCfg = Debug|Win32
		{8262BD9B-4A55-46EA-9E48-8E2A1753A5E9}.Debug|x86.Build.0 = Debug|Win32
		{8262BD9B-4A55-46EA-9E48-8E2A1753A5E9}.Release|Any CPU.ActiveCfg = Release|Win32
		{8262BD9B-4A55-46EA-9E48-8E2A1753A5E9}.Release|x64.ActiveCfg = Release|x64
		{8262BD9B-4A55-46EA-9E48-8E2A1753A5E9}.Release|x64.Build.0 = Release|x64
		{8262BD9B-4A55-46EA-9E48-8E2A1753A5E9}.Release|x86.ActiveCfg = Release|Win32
		{8262BD9B-4A55-46EA-9E48-8E2A1753A5E9}.Release|x86.Build.0 = Release|Win32
		{B70C693E-D818-4B2E-AC06-D70D63BEC2ED}.Debug|Any CPU.ActiveCfg = Debug|Win32
		{B70C693E-D818-4B2E-AC06-D70D63BEC2ED}.Debug|x64.ActiveCfg = Debug|x64
		{B70C693E-D818-4B2E-AC06-D70D63BEC2ED}.Debug|x64.Build.0 = Debug|x64
		{B70C693E-D818-4B2E-AC06-D70D63BEC2ED}.Debug|x86.ActiveCfg = Debug|Win32
		{B70C693E-D818-4B2E-AC06-D70D63BEC2ED}.Debug|x86.Build.0 = Debug|Win32
		{B70C693E-D818-4B2E-AC06-D70D63BEC2ED}.Release|Any CPU.ActiveCfg = Release|Win32
		{B70C693E-D818-4B2E-AC06-D70D63BEC2ED}.Release|x64.ActiveCfg = Release|x64
		{B70C693E-D818-4B2E-AC06-D70D63BEC2ED}.Release|x64.Build.0 = Release|x64
		{B70C693E-D818-4B2E-AC06-D70D63BEC2ED}.Release|x86.ActiveCfg = Release|Win32
		{B70C693E-D818-4B2E-AC06-D70D63BEC2ED}.Release|x86.Build.0 = Release|Win32
		{52A3C073-D780-4775-ABD2-0D10FF9C5999}.Debug|Any CPU.ActiveCfg = Debug|Win32
		{52A3C073-D780-4775-ABD2-0D10FF9C5999}.Debug|x64.ActiveCfg = Debug|x64
		{52A3C073-D780-4775-ABD2-0D10FF9C5999}.Debug|x64.Build.0 = Debug|x64
		{52A3C073-D780-4775-ABD2-0D10FF9C5999}.Debug|x86.ActiveCfg = Debug|Win32
		{52A3C073-D780-4775-ABD2-0D10FF9C5999}.Debug|x86.Build.0 = Debug|Win32
		{52A3C073-D780-4775-ABD2-0D10FF9C5999}.Release|Any CPU.ActiveCfg = Release|Win32
		{52A3C073-D780-4775-ABD2-0D10FF9C5999}.Release|x64.ActiveCfg = Release|x64
		{52A3C073-D780-4775-ABD2-0D10FF9C5999}.Release|x64.Build.0 = Release|x64
		{52A3C073-D780-4775-ABD2-0D10FF9C5999}.Release|x86.ActiveCfg = Release|Win32
		{52A3C073-D780-4775-ABD2-0D10FF9C5999}.Release|x86.Build.0 = Release|Win32
		{88783ED4-88D5-4455-BA5A-5273B7992EB2}.Debug|Any CPU.ActiveCfg = Debug|Win32
		{88783ED4-88D5-4455-BA5A-5273B7992EB2}.Debug|x64.ActiveCfg = Debug|x64
		{88783ED4-88D5-4455-BA5A-5273B7992EB2}.Debug|x64.Build.0 = Debug|x64
		{88783ED4-88D5-4455-BA5A-5273B7992EB2}.Debug|x86.ActiveCfg = Debug|Win32
		{88783ED4-88D5-4455-BA5A-5273B7992EB2}.Debug|x86.Build.0 = Debug|Win32
		{88783ED4-88D5-4455-BA5A-5273B7992EB2}.Release|Any CPU.ActiveCfg = Release|Win32
		{88783ED4-88D5-4455-BA5A-5273B7992EB2}.Release|x64.ActiveCfg = Release|x64
		{88783ED4-88D5-4455-BA5A-5273B7992EB2}.Release|x64.Build.0 = Release|x64
		{88783ED4-88D5-4455-BA5A-5273B7992EB2}.Release|x86.ActiveCfg = Release|Win32
		{88783ED4-88D5-4455-BA5A-5273B7992EB2}.Release|x86.Build.0 = Release|Win32
		{E543137F-CF50-41FD-B5CC-0DEB1CA38C69}.Debug|Any CPU.ActiveCfg = Debug|Win32
		{E543137F-CF50-41FD-B5CC-0DEB1CA38C69}.Debug|x64.ActiveCfg = Debug|x64
		{E543137F-CF50-41FD-B5CC-0DEB1CA38C69}.Debug|x64.Build.0 = Debug|x64
		{E543137F-CF50-41FD-B5CC-0DEB1CA38C69}.Debug|x86.ActiveCfg = Debug|Win32
		{E543137F-CF50-41FD-B5CC-0DEB1CA38C69}.Debug|x86.Build.0 = Debug|Win32
		{E543137F-CF50-41FD-B5CC-0DEB1CA38C69}.Release|Any CPU.ActiveCfg = Release|Win32
		{E543137F-CF50-41FD-B5CC-0DEB1CA38C69}.Release|x64.ActiveCfg = Release|x64
		{E543137F-CF50-41FD-B5CC-0DEB1CA38C69}.Release|x64.Build.0 = Release|x64
		{E543137F-CF50-41FD-B5CC-0DEB1CA38C69}.Release|x86.ActiveCfg = Release|Win32
		{E543137F-CF50-41FD-B5CC-0DEB1CA38C69}.Release|x86.Build.0 = Release|Win32
		{5E689C81-C4C8-4D14-9EC1-0759FBF24DA9}.Debug|Any CPU.ActiveCfg = Debug|Win32
		{5E689C81-C4C8-4D14-9EC1-0759FBF24DA9}.Debug|x64.ActiveCfg = Debug|x64
		{5E689C81-C4C8-4D14-9EC1-0759FBF24DA9}.Debug|x64.Build.0 = Debug|x64
		{5E689C81-C4C8-4D14-9EC1-0759FBF24DA9}.Debug|x86.ActiveCfg = Debug|Win32
		{5E689C81-C4C8-4D14-9EC1-0759FBF24DA9}.Debug|x86.Build.0 = Debug|Win32
		{5E689C81-C4C8-4D14-9EC1-0759FBF24DA9}.Release|Any CPU.ActiveCfg = Release|Win32
		{5E689C81-C4C8-4D14-9EC1-0759FBF24DA9}.Release|x64.ActiveCfg = Release|x64
		{5E689C81-C4C8-4D14-9EC1-0759FBF24DA9}.Release|x64.Build.0 = Release|x64
		{5E689C81-C4C8-4D14-9EC1-0759FBF24DA9}.Release|x86.ActiveCfg = Release|Win32
		{5E689C81-C4C8-4D14-9EC1-0759FBF24DA9}.Release|x86.Build.0 = Release|Win32
		{9617D1A3-A25C-4D21-A6AE-97ED6C64CFFB}.Debug|Any CPU.ActiveCfg = Debug|Win32
		{9617D1A3-A25C-4D21-A6AE-97ED6C64CFFB}.Debug|x64.ActiveCfg = Debug|x64
		{9617D1A3-A25C-4D21-A6AE-97ED6C64CFFB}.Debug|x64.Build.0 = Debug|x64
		{9617D1A3-A25C-4D21-A6AE-97ED6C64CFFB}.Debug|x86.ActiveCfg = Debug|Win32
		{9617D1A3-A25C-4D21-A6AE-97ED6C64CFFB}.Debug|x86.Build.0 = Debug|Win32
		{9617D1A3-A25C-4D21-A6AE-97ED6C64CFFB}.Release|Any CPU.ActiveCfg = Release|Win32
		{9617D1A3-A25C-4D21-A6AE-97ED6C64CFFB}.Release|x64.ActiveCfg = Release|x64
		{9617D1A3-A25C-4D21-A6AE-97ED6C64CFFB}.Release|x64.Build.0 = Release|x64
		{9617D1A3-A25C-4D21-A6AE-97ED6C64CFFB}.Release|x86.ActiveCfg = Release|Win32
		{9617D1A3-A25C-4D21-A6AE-97ED6C64CFFB}.Release|x86.Build.0 = Release|Win32
		{995D4E27-95C5-4B44-BB8C-870E68B7CA70}.Debug|Any CPU.ActiveCfg = Debug|Win32
		{995D4E27-95C5-4B44-BB8C-870E68B7CA70}.Debug|x64.ActiveCfg = Debug|x64
		{995D4E27-95C5-4B44-BB8C-870E68B7CA70}.Debug|x64.Build.0 = Debug|x64
		{995D4E27-95C5-4B44-BB8C-870E68B7CA70}.Debug|x86.ActiveCfg = Debug|Win32
		{995D4E27-95C5-4B44-BB8C-870E68B7CA70}.Debug|x86.Build.0 = Debug|Win32
		{995D4E27-95C5-4B44-BB8C-870E68B7CA70}.Release|Any CPU.ActiveCfg = Release|Win32
		{995D4E27-95C5-4B44-BB8C-870E68B7CA70}.Release|x64.ActiveCfg = Release|x64
		{995D4E27-95C5-4B44-BB8C-870E68B7CA70}.Release|x64.Build.0 = Release|x64
		{995D4E27-95C5-4B44-BB8C-870E68B7CA70}.Release|x86.ActiveCfg = Release|Win32
		{995D4E27-95C5-4B44-BB8C-870E68B7CA70}.Release|x86.Build.0 = Release|Win32
		{D4E8C9A9-ED98-47F4-A799-7A3C6850787F}.Debug|Any CPU.ActiveCfg = Debug|Win32
		{D4E8C9A9-ED98-47F4-A799-7A3C6850787F}.Debug|x64.ActiveCfg = Debug|x64
		{D4E8C9A9-ED98-47F4-A799-7A3C6850787F}.Debug|x64.Build.0 = Debug|x64
		{D4E8C9A9-ED98-47F4-A799-7A3C6850787F}.Debug|x86.ActiveCfg = Debug|Win32
		{D4E8C9A9-ED98-47F4-A799-7A3C6850787F}.Debug|x86.Build.0 = Debug|Win32
		{D4E8C9A9-ED98-47F4-A799-7A3C6850787F}.Release|Any CPU.ActiveCfg = Release|Win32
		{D4E8C9A9-ED98-47F4-A799-7A3C6850787F}.Release|x64.ActiveCfg = Release|x64
		{D4E8C9A9-ED98-47F4-A799-7A3C6850787F}.Release|x64.Build.0 = Release|x64
		{D4E8C9A9-ED98-47F4-A799-7A3C6850787F}.Release|x86.ActiveCfg = Release|Win32
		{D4E8C9A9-ED98-47F4-A799-7A3C6850787F}.Release|x86.Build.0 = Release|Win32
		{4B3C0B98-AF6A-4241-A2E3-C93D08B2755A}.Debug|Any CPU.ActiveCfg = Debug|Win32
		{4B3C0B98-AF6A-4241-A2E3-C93D08B2755A}.Debug|x64.ActiveCfg = Debug|x64
		{4B3C0B98-AF6A-4241-A2E3-C93D08B2755A}.Debug|x64.Build.0 = Debug|x64
		{4B3C0B98-AF6A-4241-A2E3-C93D08B2755A}.Debug|x86.ActiveCfg = Debug|Win32
		{4B3C0B98-AF6A-4241-A2E3-C93D08B2755A}.Debug|x86.Build.0 = Debug|Win32
		{4B3C0B98-AF6A-4241-A2E3-C93D08B2755A}.Release|Any CPU.ActiveCfg = Release|Win32
		{4B3C0B98-AF6A-4241-A2E3-C93D08B2755A}.Release|x64.ActiveCfg = Release|x64
		{4B3C0B98-AF6A-4241-A2E3-C93D08B2755A}.Release|x64.Build.0 = Release|x64
		{4B3C0B98-AF6A-4241-A2E3-C93D08B2755A}.Release|x86.ActiveCfg = Release|Win32
		{4B3C0B98-AF6A-4241-A2E3-C93D08B2755A}.Release|x86.Build.0 = Release|Win32
		{2678CF4F-9555-4B49-8ADE-5D34C961E3DD}.Debug|Any CPU.ActiveCfg = Debug|Win32
		{2678CF4F-9555-4B49-8ADE-5D34C961E3DD}.Debug|x64.ActiveCfg = Debug|x64
		{2678CF4F-9555-4B49-8ADE-5D34C961E3DD}.Debug|x64.Build.0 = Debug|x64
		{2678CF4F-9555-4B49-8ADE-5D34C961E3DD}.Debug|x86.ActiveCfg = Debug|Win32
		{2678CF4F-9555-4B49-8ADE-5D34C961E3DD}.Debug|x86.Build.0 = Debug|Win32
		{2678CF4F-9555-4B49-8ADE-5D34C961E3DD}.Release|Any CPU.ActiveCfg = Release|Win32
		{2678CF4F-9555-4B49-8ADE-5D34C961E3DD}.Release|x64.ActiveCfg = Release|x64
		{2678CF4F-9555-4B49-8ADE-5D34C961E3DD}.Release|x64.Build.0 = Release|x64
		{2678CF4F-9555-4B49-8ADE-5D34C961E3DD}.Release|x86.ActiveCfg = Release|Win32
		{2678CF4F-9555-4B49-8ADE-5D34C961E3DD}.Release|x86.Build.0 = Release|Win32
		{08ACECAD-4BB4-4509-A5A0-3260A0BD95B3}.Debug|Any CPU.ActiveCfg = Debug|Win32
		{08ACECAD-4BB4-4509-A5A0-3260A0BD95B3}.Debug|x64.ActiveCfg = Debug|x64
		{08ACECAD-4BB4-4509-A5A0-3260A0BD95B3}.Debug|x64.Build.0 = Debug|x64
		{08ACECAD-4BB4-4509-A5A0-3260A0BD95B3}.Debug|x86.ActiveCfg = Debug|Win32
		{08ACECAD-4BB4-4509-A5A0-3260A0BD95B3}.Debug|x86.Build.0 = Debug|Win32
		{08ACECAD-4BB4-4509-A5A0-3260A0BD95B3}.Release|Any CPU.ActiveCfg = Release|Win32
		{08ACECAD-4BB4-4509-A5A0-3260A0BD95B3}.Release|x64.ActiveCfg = Release|x64
		{08ACECAD-4BB4-4509-A5A0-3260A0BD95B3}.Release|x64.Build.0 = Release|x64
		{08ACECAD-4BB4-4509-A5A0-3260A0BD95B3}.Release|x86.ActiveCfg = Release|Win32
		{08ACECAD-4BB4-4509-A5A0-3260A0BD95B3}.Release|x86.Build.0 = Release|Win32
		{985FD626-042A-408C-9B67-E9A4EB955327}.Debug|Any CPU.ActiveCfg = Debug|Win32
		{985FD626-042A-408C-9B67-E9A4EB955327}.Debug|x64.ActiveCfg = Debug|x64
		{985FD626-042A-408C-9B67-E9A4EB955327}.Debug|x64.Build.0 = Debug|x64
		{985FD626-042A-408C-9B67-E9A4EB955327}.Debug|x86.ActiveCfg = Debug|Win32
		{985FD626-042A-408C-9B67-E9A4EB955327}.Debug|x86.Build.0 = Debug|Win32
		{985FD626-042A-408C-9B67-E9A4EB955327}.Release|Any CPU.ActiveCfg = Release|Win32
		{985FD626-042A-408C-9B67-E9A4EB955327}.Release|x64.ActiveCfg = Release|x64
		{985FD626-042A-408C-9B67-E9A4EB955327}.Release|x64.Build.0 = Release|x64
		{985FD626-042A-408C-9B67-E9A4EB955327}.Release|x86.ActiveCfg = Release|Win32
		{985FD626-042A-408C-9B67-E9A4EB955327}.Release|x86.Build.0 = Release|Win32
		{534DD96C-AFDE-496D-81FE-2A08C4D52986}.Debug|Any CPU.ActiveCfg = Debug|Win32
		{534DD96C-AFDE-496D-81FE-2A08C4D52986}.Debug|x64.ActiveCfg = Debug|x64
		{534DD96C-AFDE-496D-81FE-2A08C4D52986}.Debug|x64.Build.0 = Debug|x64
		{534DD96C-AFDE-496D-81FE-2A08C4D52986}.Debug|x86.ActiveCfg = Debug|Win32
		{534DD96C-AFDE-496D-81FE-2A08C4D52986}.Debug|x86.Build.0 = Debug|Win32
		{534DD96C-AFDE-496D-81FE-2A08C4D52986}.Release|Any CPU.ActiveCfg = Release|Win32
		{534DD96C-AFDE-496D-81FE-2A08C4D52986}.Release|x64.ActiveCfg = Release|x64
		{534DD96C-AFDE-496D-81FE-2A08C4D52986}.Release|x64.Build.0 = Release|x64
		{534DD96C-AFDE-496D-81FE-2A08C4D52986}.Release|x86.ActiveCfg = Release|Win32
		{534DD96C-AFDE-496D-81FE-2A08C4D52986}.Release|x86.Build.0 = Release|Win32
		{51043084-BE38-41DF-A7C7-969B99846813}.Debug|Any CPU.ActiveCfg = Debug|Win32
		{51043084-BE38-41DF-A7C7-969B99846813}.Debug|x64.ActiveCfg = Debug|x64
		{51043084-BE38-41DF-A7C7-969B99846813}.Debug|x64.Build.0 = Debug|x64
		{51043084-BE38-41DF-A7C7-969B99846813}.Debug|x86.ActiveCfg = Debug|Win32
		{51043084-BE38-41DF-A7C7-969B99846813}.Debug|x86.Build.0 = Debug|Win32
		{51043084-BE38-41DF-A7C7-969B99846813}.Release|Any CPU.ActiveCfg = Release|Win32
		{51043084-BE38-41DF-A7C7-969B99846813}.Release|x64.ActiveCfg = Release|x64
		{51043084-BE38-41DF-A7C7-969B99846813}.Release|x64.Build.0 = Release|x64
		{51043084-BE38-41DF-A7C7-969B99846813}.Release|x86.ActiveCfg = Release|Win32
		{51043084-BE38-41DF-A7C7-969B99846813}.Release|x86.Build.0 = Release|Win32
		{F6BA3B3D-CDFB-429E-B91B-03AEF2F563F0}.Debug|Any CPU.ActiveCfg = Debug|Win32
		{F6BA3B3D-CDFB-429E-B91B-03AEF2F563F0}.Debug|x64.ActiveCfg = Debug|x64
		{F6BA3B3D-CDFB-429E-B91B-03AEF2F563F0}.Debug|x64.Build.0 = Debug|x64
		{F6BA3B3D-CDFB-429E-B91B-03AEF2F563F0}.Debug|x86.ActiveCfg = Debug|Win32
		{F6BA3B3D-CDFB-429E-B91B-03AEF2F563F0}.Debug|x86.Build.0 = Debug|Win32
		{F6BA3B3D-CDFB-429E-B91B-03AEF2F563F0}.Release|Any CPU.ActiveCfg = Release|Win32
		{F6BA3B3D-CDFB-429E-B91B-03AEF2F563F0}.Release|x64.ActiveCfg = Release|x64
		{F6BA3B3D-CDFB-429E-B91B-03AEF2F563F0}.Release|x64.Build.0 = Release|x64
		{F6BA3B3D-CDFB-429E-B91B-03AEF2F563F0}.Release|x86.ActiveCfg = Release|Win32
		{F6BA3B3D-CDFB-429E-B91B-03AEF2F563F0}.Release|x86.Build.0 = Release|Win32
		{BDD4E5A7-72F0-42B6-86D0-693836CD526D}.Debug|Any CPU.ActiveCfg = Debug|Win32
		{BDD4E5A7-72F0-42B6-86D0-693836CD526D}.Debug|x64.ActiveCfg = Debug|x64
		{BDD4E5A7-72F0-42B6-86D0-693836CD526D}.Debug|x64.Build.0 = Debug|x64
		{BDD4E5A7-72F0-42B6-86D0-693836CD526D}.Debug|x86.ActiveCfg = Debug|Win32
		{BDD4E5A7-72F0-42B6-86D0-693836CD526D}.Debug|x86.Build.0 = Debug|Win32
		{BDD4E5A7-72F0-42B6-86D0-693836CD526D}.Release|Any CPU.ActiveCfg = Release|Win32
		{BDD4E5A7-72F0-42B6-86D0-693836CD526D}.Release|x64.ActiveCfg = Release|x64
		{BDD4E5A7-72F0-42B6-86D0-693836CD526D}.Release|x64.Build.0 = Release|x64
		{BDD4E5A7-72F0-42B6-86D0-693836CD526D}.Release|x86.ActiveCfg = Release|Win32
		{BDD4E5A7-72F0-42B6-86D0-693836CD526D}.Release|x86.Build.0 = Release|Win32
		{BF0307D3-5B0D-407C-8073-002522DE7866}.Debug|Any CPU.ActiveCfg = Debug|Win32
		{BF0307D3-5B0D-407C-8073-002522DE7866}.Debug|x64.ActiveCfg = Debug|x64
		{BF0307D3-5B0D-407C-8073-002522DE7866}.Debug|x64.Build.0 = Debug|x64
		{BF0307D3-5B0D-407C-8073-002522DE7866}.Debug|x86.ActiveCfg = Debug|Win32
		{BF0307D3-5B0D-407C-8073-002522DE7866}.Debug|x86.Build.0 = Debug|Win32
		{BF0307D3-5B0D-407C-8073-002522DE7866}.Release|Any CPU.ActiveCfg = Release|Win32
		{BF0307D3-5B0D-407C-8073-002522DE7866}.Release|x64.ActiveCfg = Release|x64
		{BF0307D3-5B0D-407C-8073-002522DE7866}.Release|x64.Build.0 = Release|x64
		{BF0307D3-5B0D-407C-8073-002522DE7866}.Release|x86.ActiveCfg = Release|Win32
		{BF0307D3-5B0D-407C-8073-002522DE7866}.Release|x86.Build.0 = Release|Win32
		{9E79CF2E-795B-4E75-AA41-F6EDBA79D985}.Debug|Any CPU.ActiveCfg = Debug|Win32
		{9E79CF2E-795B-4E75-AA41-F6EDBA79D985}.Debug|x64.ActiveCfg = Debug|x64
		{9E79CF2E-795B-4E75-AA41-F6EDBA79D985}.Debug|x64.Build.0 = Debug|x64
		{9E79CF2E-795B-4E75-AA41-F6EDBA79D985}.Debug|x86.ActiveCfg = Debug|Win32
		{9E79CF2E-795B-4E75-AA41-F6EDBA79D985}.Debug|x86.Build.0 = Debug|Win32
		{9E79CF2E-795B-4E75-AA41-F6EDBA79D985}.Release|Any CPU.ActiveCfg = Release|Win32
		{9E79CF2E-795B-4E75-AA41-F6EDBA79D985}.Release|x64.ActiveCfg = Release|x64
		{9E79CF2E-795B-4E75-AA41-F6EDBA79D985}.Release|x64.Build.0 = Release|x64
		{9E79CF2E-795B-4E75-AA41-F6EDBA79D985}.Release|x86.ActiveCfg = Release|Win32
		{9E79CF2E-795B-4E75-AA41-F6EDBA79D985}.Release|x86.Build.0 = Release|Win32
		{3C4CADE5-1639-49D6-8B5A-17D58FEDF0DF}.Debug|Any CPU.ActiveCfg = Debug|Win32
		{3C4CADE5-1639-49D6-8B5A-17D58FEDF0DF}.Debug|x64.ActiveCfg = Debug|x64
		{3C4CADE5-1639-49D6-8B5A-17D58FEDF0DF}.Debug|x64.Build.0 = Debug|x64
		{3C4CADE5-1639-49D6-8B5A-17D58FEDF0DF}.Debug|x86.ActiveCfg = Debug|Win32
		{3C4CADE5-1639-49D6-8B5A-17D58FEDF0DF}.Debug|x86.Build.0 = Debug|Win32
		{3C4CADE5-1639-49D6-8B5A-17D58FEDF0DF}.Release|Any CPU.ActiveCfg = Release|Win32
		{3C4CADE5-1639-49D6-8B5A-17D58FEDF0DF}.Release|x64.ActiveCfg = Release|x64
		{3C4CADE5-1639-49D6-8B5A-17D58FEDF0DF}.Release|x64.Build.0 = Release|x64
		{3C4CADE5-1639-49D6-8B5A-17D58FEDF0DF}.Release|x86.ActiveCfg = Release|Win32
		{3C4CADE5-1639-49D6-8B5A-17D58FEDF0DF}.Release|x86.Build.0 = Release|Win32
		{12EC39AB-0E8C-4A63-BC5C-40C2E8F461BE}.Debug|Any CPU.ActiveCfg = Debug|Win32
		{12EC39AB-0E8C-4A63-BC5C-40C2E8F461BE}.Debug|x64.ActiveCfg = Debug|x64
		{12EC39AB-0E8C-4A63-BC5C-40C2E8F461BE}.Debug|x64.Build.0 = Debug|x64
		{12EC39AB-0E8C-4A63-BC5C-40C2E8F461BE}.Debug|x86.ActiveCfg = Debug|Win32
		{12EC39AB-0E8C-4A63-BC5C-40C2E8F461BE}.Debug|x86.Build.0 = Debug|Win32
		{12EC39AB-0E8C-4A63-BC5C-40C2E8F461BE}.Release|Any CPU.ActiveCfg = Release|Win32
		{12EC39AB-0E8C-4A63-BC5C-40C2E8F461BE}.Release|x64.ActiveCfg = Release|x64
		{12EC39AB-0E8C-4A63-BC5C-40C2E8F461BE}.Release|x64.Build.0 = Release|x64
		{12EC39AB-0E8C-4A63-BC5C-40C2E8F461BE}.Release|x86.ActiveCfg = Release|Win32
		{12EC39AB-0E8C-4A63-BC5C-40C2E8F461BE}.Release|x86.Build.0 = Release|Win32
		{D6F9FEF2-03B8-4B20-BA54-688FE01E5A5B}.Debug|Any CPU.ActiveCfg = Debug|Win32
		{D6F9FEF2-03B8-4B20-BA54-688FE01E5A5B}.Debug|x64.ActiveCfg = Debug|x64
		{D6F9FEF2-03B8-4B20-BA54-688FE01E5A5B}.Debug|x64.Build.0 = Debug|x64
		{D6F9FEF2-03B8-4B20-BA54-688FE01E5A5B}.Debug|x86.ActiveCfg = Debug|Win32
		{D6F9FEF2-03B8-4B20-BA54-688FE01E5A5B}.Debug|x86.Build.0 = Debug|Win32
		{D6F9FEF2-03B8-4B20-BA54-688FE01E5A5B}.Release|Any CPU.ActiveCfg = Release|Win32
		{D6F9FEF2-03B8-4B20-BA54-688FE01E5A5B}.Release|x64.ActiveCfg = Release|x64
		{D6F9FEF2-03B8-4B20-BA54-688FE01E5A5B}.Release|x64.Build.0 = Release|x64
		{D6F9FEF2-03B8-4B20-BA54-688FE01E5A5B}.Release|x86.ActiveCfg = Release|Win32
		{D6F9FEF2-03B8-4B20-BA54-688FE01E5A5B}.Release|x86.Build.0 = Release|Win32
		{A956D1CE-75B9-403A-8DCC-61F9B7A75C3F}.Debug|Any CPU.ActiveCfg = Debug|Win32
		{A956D1CE-75B9-403A-8DCC-61F9B7A75C3F}.Debug|x64.ActiveCfg = Debug|x64
		{A956D1CE-75B9-403A-8DCC-61F9B7A75C3F}.Debug|x64.Build.0 = Debug|x64
		{A956D1CE-75B9-403A-8DCC-61F9B7A75C3F}.Debug|x86.ActiveCfg = Debug|Win32
		{A956D1CE-75B9-403A-8DCC-61F9B7A75C3F}.Debug|x86.Build.0 = Debug|Win32
		{A956D1CE-75B9-403A-8DCC-61F9B7A75C3F}.Release|Any CPU.ActiveCfg = Release|Win32
		{A956D1CE-75B9-403A-8DCC-61F9B7A75C3F}.Release|x64.ActiveCfg = Release|x64
		{A956D1CE-75B9-403A-8DCC-61F9B7A75C3F}.Release|x64.Build.0 = Release|x64
		{A956D1CE-75B9-403A-8DCC-61F9B7A75C3F}.Release|x86.ActiveCfg = Release|Win32
		{A956D1CE-75B9-403A-8DCC-61F9B7A75C3F}.Release|x86.Build.0 = Release|Win32
		{406E16EE-8967-4A2E-9453-44E9392A99EF}.Debug|Any CPU.ActiveCfg = Debug|Win32
		{406E16EE-8967-4A2E-9453-44E9392A99EF}.Debug|x64.ActiveCfg = Debug|x64
		{406E16EE-8967-4A2E-9453-44E9392A99EF}.Debug|x64.Build.0 = Debug|x64
		{406E16EE-8967-4A2E-9453-44E9392A99EF}.Debug|x86.ActiveCfg = Debug|Win32
		{406E16EE-8967-4A2E-9453-44E9392A99EF}.Debug|x86.Build.0 = Debug|Win32
		{406E16EE-8967-4A2E-9453-44E9392A99EF}.Release|Any CPU.ActiveCfg = Release|Win32
		{406E16EE-8967-4A2E-9453-44E9392A99EF}.Release|x64.ActiveCfg = Release|x64
		{406E16EE-8967-4A2E-9453-44E9392A99EF}.Release|x64.Build.0 = Release|x64
		{406E16EE-8967-4A2E-9453-44E9392A99EF}.Release|x86.ActiveCfg = Release|Win32
		{406E16EE-8967-4A2E-9453-44E9392A99EF}.Release|x86.Build.0 = Release|Win32
		{1C8599AA-B000-4020-BA34-BC17CFCBCE6D}.Debug|Any CPU.ActiveCfg = Debug|Win32
		{1C8599AA-B000-4020-BA34-BC17CFCBCE6D}.Debug|x64.ActiveCfg = Debug|x64
		{1C8599AA-B000-4020-BA34-BC17CFCBCE6D}.Debug|x64.Build.0 = Debug|x64
		{1C8599AA-B000-4020-BA34-BC17CFCBCE6D}.Debug|x86.ActiveCfg = Debug|Win32
		{1C8599AA-B000-4020-BA34-BC17CFCBCE6D}.Debug|x86.Build.0 = Debug|Win32
		{1C8599AA-B000-4020-BA34-BC17CFCBCE6D}.Release|Any CPU.ActiveCfg = Release|Win32
		{1C8599AA-B000-4020-BA34-BC17CFCBCE6D}.Release|x64.ActiveCfg = Release|x64
		{1C8599AA-B000-4020-BA34-BC17CFCBCE6D}.Release|x64.Build.0 = Release|x64
		{1C8599AA-B000-4020-BA34-BC17CFCBCE6D}.Release|x86.ActiveCfg = Release|Win32
		{1C8599AA-B000-4020-BA34-BC17CFCBCE6D}.Release|x86.Build.0 = Release|Win32
		{00210D4C-5B55-44ED-B69C-B0FB1AE56335}.Debug|Any CPU.ActiveCfg = Debug|Win32
		{00210D4C-5B55-44ED-B69C-B0FB1AE56335}.Debug|x64.ActiveCfg = Debug|x64
		{00210D4C-5B55-44ED-B69C-B0FB1AE56335}.Debug|x64.Build.0 = Debug|x64
		{00210D4C-5B55-44ED-B69C-B0FB1AE56335}.Debug|x86.ActiveCfg = Debug|Win32
		{00210D4C-5B55-44ED-B69C-B0FB1AE56335}.Debug|x86.Build.0 = Debug|Win32
		{00210D4C-5B55-44ED-B69C-B0FB1AE56335}.Release|Any CPU.ActiveCfg = Release|Win32
		{00210D4C-5B55-44ED-B69C-B0FB1AE56335}.Release|x64.ActiveCfg = Release|x64
		{00210D4C-5B55-44ED-B69C-B0FB1AE56335}.Release|x64.Build.0 = Release|x64
		{00210D4C-5B55-44ED-B69C-B0FB1AE56335}.Release|x86.ActiveCfg = Release|Win32
		{00210D4C-5B55-44ED-B69C-B0FB1AE56335}.Release|x86.Build.0 = Release|Win32
		{DAF8F1CB-6EC7-4D29-83D8-1841CC2CB8AB}.Debug|Any CPU.ActiveCfg = Debug|Win32
		{DAF8F1CB-6EC7-4D29-83D8-1841CC2CB8AB}.Debug|x64.ActiveCfg = Debug|x64
		{DAF8F1CB-6EC7-4D29-83D8-1841CC2CB8AB}.Debug|x64.Build.0 = Debug|x64
		{DAF8F1CB-6EC7-4D29-83D8-1841CC2CB8AB}.Debug|x86.ActiveCfg = Debug|Win32
		{DAF8F1CB-6EC7-4D29-83D8-1841CC2CB8AB}.Debug|x86.Build.0 = Debug|Win32
		{DAF8F1CB-6EC7-4D29-83D8-1841CC2CB8AB}.Release|Any CPU.ActiveCfg = Release|Win32
		{DAF8F1CB-6EC7-4D29-83D8-1841CC2CB8AB}.Release|x64.ActiveCfg = Release|x64
		{DAF8F1CB-6EC7-4D29-83D8-1841CC2CB8AB}.Release|x64.Build.0 = Release|x64
		{DAF8F1CB-6EC7-4D29-83D8-1841CC2CB8AB}.Release|x86.ActiveCfg = Release|Win32
		{DAF8F1CB-6EC7-4D29-83D8-1841CC2CB8AB}.Release|x86.Build.0 = Release|Win32
		{EF266E84-E14C-4F76-BC88-81FECC0E708F}.Debug|Any CPU.ActiveCfg = Debug|Win32
		{EF266E84-E14C-4F76-BC88-81FECC0E708F}.Debug|x64.ActiveCfg = Debug|x64
		{EF266E84-E14C-4F76-BC88-81FECC0E708F}.Debug|x64.Build.0 = Debug|x64
		{EF266E84-E14C-4F76-BC88-81FECC0E708F}.Debug|x86.ActiveCfg = Debug|Win32
		{EF266E84-E14C-4F76-BC88-81FECC0E708F}.Debug|x86.Build.0 = Debug|Win32
		{EF266E84-E14C-4F76-BC88-81FECC0E708F}.Release|Any CPU.ActiveCfg = Release|Win32
		{EF266E84-E14C-4F76-BC88-81FECC0E708F}.Release|x64.ActiveCfg = Release|x64
		{EF266E84-E14C-4F76-BC88-81FECC0E708F}.Release|x64.Build.0 = Release|x64
		{EF266E84-E14C-4F76-BC88-81FECC0E708F}.Release|x86.ActiveCfg = Release|Win32
		{EF266E84-E14C-4F76-BC88-81FECC0E708F}.Release|x86.Build.0 = Release|Win32
		{5AFC3A1E-09FA-449A-9F78-4A08C390C4EE}.Debug|Any CPU.ActiveCfg = Debug|Win32
		{5AFC3A1E-09FA-449A-9F78-4A08C390C4EE}.Debug|x64.ActiveCfg = Debug|x64
		{5AFC3A1E-09FA-449A-9F78-4A08C390C4EE}.Debug|x64.Build.0 = Debug|x64
		{5AFC3A1E-09FA-449A-9F78-4A08C390C4EE}.Debug|x86.ActiveCfg = Debug|Win32
		{5AFC3A1E-09FA-449A-9F78-4A08C390C4EE}.Debug|x86.Build.0 = Debug|Win32
		{5AFC3A1E-09FA-449A-9F78-4A08C390C4EE}.Release|Any CPU.ActiveCfg = Release|Win32
		{5AFC3A1E-09FA-449A-9F78-4A08C390C4EE}.Release|x64.ActiveCfg = Release|x64
		{5AFC3A1E-09FA-449A-9F78-4A08C390C4EE}.Release|x64.Build.0 = Release|x64
		{5AFC3A1E-09FA-449A-9F78-4A08C390C4EE}.Release|x86.ActiveCfg = Release|Win32
		{5AFC3A1E-09FA-449A-9F78-4A08C390C4EE}.Release|x86.Build.0 = Release|Win32
		{73F08FFE-9F9A-4190-A016-49C4AA3BEF0B}.Debug|Any CPU.ActiveCfg = Debug|Win32
		{73F08FFE-9F9A-4190-A016-49C4AA3BEF0B}.Debug|x64.ActiveCfg = Debug|x64
		{73F08FFE-9F9A-4190-A016-49C4AA3BEF0B}.Debug|x64.Build.0 = Debug|x64
		{73F08FFE-9F9A-4190-A016-49C4AA3BEF0B}.Debug|x86.ActiveCfg = Debug|Win32
		{73F08FFE-9F9A-4190-A016-49C4AA3BEF0B}.Debug|x86.Build.0 = Debug|Win32
		{73F08FFE-9F9A-4190-A016-49C4AA3BEF0B}.Release|Any CPU.ActiveCfg = Release|Win32
		{73F08FFE-9F9A-4190-A016-49C4AA3BEF0B}.Release|x64.ActiveCfg = Release|x64
		{73F08FFE-9F9A-4190-A016-49C4AA3BEF0B}.Release|x64.Build.0 = Release|x64
		{73F08FFE-9F9A-4190-A016-49C4AA3BEF0B}.Release|x86.ActiveCfg = Release|Win32
		{73F08FFE-9F9A-4190-A016-49C4AA3BEF0B}.Release|x86.Build.0 = Release|Win32
		{1D1786FF-6406-431A-AB53-DF5784672DDC}.Debug|Any CPU.ActiveCfg = Debug|Win32
		{1D1786FF-6406-431A-AB53-DF5784672DDC}.Debug|x64.ActiveCfg = Debug|x64
		{1D1786FF-6406-431A-AB53-DF5784672DDC}.Debug|x64.Build.0 = Debug|x64
		{1D1786FF-6406-431A-AB53-DF5784672DDC}.Debug|x86.ActiveCfg = Debug|Win32
		{1D1786FF-6406-431A-AB53-DF5784672DDC}.Debug|x86.Build.0 = Debug|Win32
		{1D1786FF-6406-431A-AB53-DF5784672DDC}.Release|Any CPU.ActiveCfg = Release|Win32
		{1D1786FF-6406-431A-AB53-DF5784672DDC}.Release|x64.ActiveCfg = Release|x64
		{1D1786FF-6406-431A-AB53-DF5784672DDC}.Release|x64.Build.0 = Release|x64
		{1D1786FF-6406-431A-AB53-DF5784672DDC}.Release|x86.ActiveCfg = Release|Win32
		{1D1786FF-6406-431A-AB53-DF5784672DDC}.Release|x86.Build.0 = Release|Win32
		{A22ABF62-948A-4B24-9AD7-CDF75AC252BA}.Debug|Any CPU.ActiveCfg = Debug|Win32
		{A22ABF62-948A-4B24-9AD7-CDF75AC252BA}.Debug|x64.ActiveCfg = Debug|x64
		{A22ABF62-948A-4B24-9AD7-CDF75AC252BA}.Debug|x64.Build.0 = Debug|x64
		{A22ABF62-948A-4B24-9AD7-CDF75AC252BA}.Debug|x86.ActiveCfg = Debug|Win32
		{A22ABF62-948A-4B24-9AD7-CDF75AC252BA}.Debug|x86.Build.0 = Debug|Win32
		{A22ABF62-948A-4B24-9AD7-CDF75AC252BA}.Release|Any CPU.ActiveCfg = Release|Win32
		{A22ABF62-948A-4B24-9AD7-CDF75AC252BA}.Release|x64.ActiveCfg = Release|x64
		{A22ABF62-948A-4B24-9AD7-CDF75AC252BA}.Release|x64.Build.0 = Release|x64
		{A22ABF62-948A-4B24-9AD7-CDF75AC252BA}.Release|x86.ActiveCfg = Release|Win32
		{A22ABF62-948A-4B24-9AD7-CDF75AC252BA}.Release|x86.Build.0 = Release|Win32
		{60BD2318-6FE0-4C95-880E-B39383AC39D3}.Debug|Any CPU.ActiveCfg = Debug|Win32
		{60BD2318-6FE0-4C95-880E-B39383AC39D3}.Debug|x64.ActiveCfg = Debug|x64
		{60BD2318-6FE0-4C95-880E-B39383AC39D3}.Debug|x64.Build.0 = Debug|x64
		{60BD2318-6FE0-4C95-880E-B39383AC39D3}.Debug|x86.ActiveCfg = Debug|Win32
		{60BD2318-6FE0-4C95-880E-B39383AC39D3}.Debug|x86.Build.0 = Debug|Win32
		{60BD2318-6FE0-4C95-880E-B39383AC39D3}.Release|Any CPU.ActiveCfg = Release|Win32
		{60BD2318-6FE0-4C95-880E-B39383AC39D3}.Release|x64.ActiveCfg = Release|x64
		{60BD2318-6FE0-4C95-880E-B39383AC39D3}.Release|x64.Build.0 = Release|x64
		{60BD2318-6FE0-4C95-880E-B39383AC39D3}.Release|x86.ActiveCfg = Release|Win32
		{60BD2318-6FE0-4C95-880E-B39383AC39D3}.Release|x86.Build.0 = Release|Win32
		{66196010-4EBE-4DF7-B28E-10B27B5AECB4}.Debug|Any CPU.ActiveCfg = Debug|Win32
		{66196010-4EBE-4DF7-B28E-10B27B5AECB4}.Debug|x64.ActiveCfg = Debug|x64
		{66196010-4EBE-4DF7-B28E-10B27B5AECB4}.Debug|x64.Build.0 = Debug|x64
		{66196010-4EBE-4DF7-B28E-10B27B5AECB4}.Debug|x86.ActiveCfg = Debug|Win32
		{66196010-4EBE-4DF7-B28E-10B27B5AECB4}.Debug|x86.Build.0 = Debug|Win32
		{66196010-4EBE-4DF7-B28E-10B27B5AECB4}.Release|Any CPU.ActiveCfg = Release|Win32
		{66196010-4EBE-4DF7-B28E-10B27B5AECB4}.Release|x64.ActiveCfg = Release|x64
		{66196010-4EBE-4DF7-B28E-10B27B5AECB4}.Release|x64.Build.0 = Release|x64
		{66196010-4EBE-4DF7-B28E-10B27B5AECB4}.Release|x86.ActiveCfg = Release|Win32
		{66196010-4EBE-4DF7-B28E-10B27B5AECB4}.Release|x86.Build.0 = Release|Win32
		{A3A7066F-6787-4DB8-8CB3-D1B1CB564BEE}.Debug|Any CPU.ActiveCfg = Debug|Win32
		{A3A7066F-6787-4DB8-8CB3-D1B1CB564BEE}.Debug|x64.ActiveCfg = Debug|x64
		{A3A7066F-6787-4DB8-8CB3-D1B1CB564BEE}.Debug|x64.Build.0 = Debug|x64
		{A3A7066F-6787-4DB8-8CB3-D1B1CB564BEE}.Debug|x86.ActiveCfg = Debug|Win32
		{A3A7066F-6787-4DB8-8CB3-D1B1CB564BEE}.Debug|x86.Build.0 = Debug|Win32
		{A3A7066F-6787-4DB8-8CB3-D1B1CB564BEE}.Release|Any CPU.ActiveCfg = Release|Win32
		{A3A7066F-6787-4DB8-8CB3-D1B1CB564BEE}.Release|x64.ActiveCfg = Release|x64
		{A3A7066F-6787-4DB8-8CB3-D1B1CB564BEE}.Release|x64.Build.0 = Release|x64
		{A3A7066F-6787-4DB8-8CB3-D1B1CB564BEE}.Release|x86.ActiveCfg = Release|Win32
		{A3A7066F-6787-4DB8-8CB3-D1B1CB564BEE}.Release|x86.Build.0 = Release|Win32
		{A30660A6-9EC3-4D3D-82AD-01D9579ACECC}.Debug|Any CPU.ActiveCfg = Debug|Win32
		{A30660A6-9EC3-4D3D-82AD-01D9579ACECC}.Debug|x64.ActiveCfg = Debug|x64
		{A30660A6-9EC3-4D3D-82AD-01D9579ACECC}.Debug|x64.Build.0 = Debug|x64
		{A30660A6-9EC3-4D3D-82AD-01D9579ACECC}.Debug|x86.ActiveCfg = Debug|Win32
		{A30660A6-9EC3-4D3D-82AD-01D9579ACECC}.Debug|x86.Build.0 = Debug|Win32
		{A30660A6-9EC3-4D3D-82AD-01D9579ACECC}.Release|Any CPU.ActiveCfg = Release|Win32
		{A30660A6-9EC3-4D3D-82AD-01D9579ACECC}.Release|x64.ActiveCfg = Release|x64
		{A30660A6-9EC3-4D3D-82AD-01D9579ACECC}.Release|x64.Build.0 = Release|x64
		{A30660A6-9EC3-4D3D-82AD-01D9579ACECC}.Release|x86.ActiveCfg = Release|Win32
		{A30660A6-9EC3-4D3D-82AD-01D9579ACECC}.Release|x86.Build.0 = Release|Win32
		{C300D24C-C33B-43B0-8F6F-3A37D3D62EF6}.Debug|Any CPU.ActiveCfg = Debug|Win32
		{C300D24C-C33B-43B0-8F6F-3A37D3D62EF6}.Debug|x64.ActiveCfg = Debug|x64
		{C300D24C-C33B-43B0-8F6F-3A37D3D62EF6}.Debug|x64.Build.0 = Debug|x64
		{C300D24C-C33B-43B0-8F6F-3A37D3D62EF6}.Debug|x86.ActiveCfg = Debug|Win32
		{C300D24C-C33B-43B0-8F6F-3A37D3D62EF6}.Debug|x86.Build.0 = Debug|Win32
		{C300D24C-C33B-43B0-8F6F-3A37D3D62EF6}.Release|Any CPU.ActiveCfg = Release|Win32
		{C300D24C-C33B-43B0-8F6F-3A37D3D62EF6}.Release|x64.ActiveCfg = Release|x64
		{C300D24C-C33B-43B0-8F6F-3A37D3D62EF6}.Release|x64.Build.0 = Release|x64
		{C300D24C-C33B-43B0-8F6F-3A37D3D62EF6}.Release|x86.ActiveCfg = Release|Win32
		{C300D24C-C33B-43B0-8F6F-3A37D3D62EF6}.Release|x86.Build.0 = Release|Win32
	EndGlobalSection
	GlobalSection(SolutionProperties) = preSolution
		HideSolutionNode = FALSE
	EndGlobalSection
	GlobalSection(NestedProjects) = preSolution
		{DF3D41CB-2F83-4E26-A14E-E93729A1C10B} = {57C9D91F-AF70-4E6F-A4D1-75C40158F986}
		{D639D2B7-1211-4399-965D-4B3035CD3FD8} = {DF3D41CB-2F83-4E26-A14E-E93729A1C10B}
		{DF90EE03-D253-4391-8804-AFEA2B2C701B} = {DF3D41CB-2F83-4E26-A14E-E93729A1C10B}
		{36807F9A-9B78-43C9-BB82-0A453C05CB29} = {DF3D41CB-2F83-4E26-A14E-E93729A1C10B}
		{5B9FA513-2999-4406-B02A-60144BC84DA2} = {DF3D41CB-2F83-4E26-A14E-E93729A1C10B}
		{37458D2D-0CAE-4A0E-AEE0-1921CF20BBF9} = {DF3D41CB-2F83-4E26-A14E-E93729A1C10B}
		{8262BD9B-4A55-46EA-9E48-8E2A1753A5E9} = {DF3D41CB-2F83-4E26-A14E-E93729A1C10B}
		{B70C693E-D818-4B2E-AC06-D70D63BEC2ED} = {DF3D41CB-2F83-4E26-A14E-E93729A1C10B}
		{52A3C073-D780-4775-ABD2-0D10FF9C5999} = {DF3D41CB-2F83-4E26-A14E-E93729A1C10B}
		{88783ED4-88D5-4455-BA5A-5273B7992EB2} = {DF3D41CB-2F83-4E26-A14E-E93729A1C10B}
		{E543137F-CF50-41FD-B5CC-0DEB1CA38C69} = {DF3D41CB-2F83-4E26-A14E-E93729A1C10B}
		{5E689C81-C4C8-4D14-9EC1-0759FBF24DA9} = {BE1B7D70-2CF2-4B27-8A3B-2A39C7D49B04}
		{9617D1A3-A25C-4D21-A6AE-97ED6C64CFFB} = {DF3D41CB-2F83-4E26-A14E-E93729A1C10B}
		{995D4E27-95C5-4B44-BB8C-870E68B7CA70} = {DF3D41CB-2F83-4E26-A14E-E93729A1C10B}
		{D4E8C9A9-ED98-47F4-A799-7A3C6850787F} = {BE1B7D70-2CF2-4B27-8A3B-2A39C7D49B04}
		{4B3C0B98-AF6A-4241-A2E3-C93D08B2755A} = {BE1B7D70-2CF2-4B27-8A3B-2A39C7D49B04}
		{BE1B7D70-2CF2-4B27-8A3B-2A39C7D49B04} = {57C9D91F-AF70-4E6F-A4D1-75C40158F986}
		{2678CF4F-9555-4B49-8ADE-5D34C961E3DD} = {BE1B7D70-2CF2-4B27-8A3B-2A39C7D49B04}
		{08ACECAD-4BB4-4509-A5A0-3260A0BD95B3} = {BE1B7D70-2CF2-4B27-8A3B-2A39C7D49B04}
		{985FD626-042A-408C-9B67-E9A4EB955327} = {BE1B7D70-2CF2-4B27-8A3B-2A39C7D49B04}
		{534DD96C-AFDE-496D-81FE-2A08C4D52986} = {BE1B7D70-2CF2-4B27-8A3B-2A39C7D49B04}
		{51043084-BE38-41DF-A7C7-969B99846813} = {BE1B7D70-2CF2-4B27-8A3B-2A39C7D49B04}
		{F6BA3B3D-CDFB-429E-B91B-03AEF2F563F0} = {56A18FEB-F470-4B12-BAA3-BBAABE535A14}
		{21C65776-340C-4FA5-8E91-CD320DCDF439} = {57C9D91F-AF70-4E6F-A4D1-75C40158F986}
		{BDD4E5A7-72F0-42B6-86D0-693836CD526D} = {21C65776-340C-4FA5-8E91-CD320DCDF439}
		{BF0307D3-5B0D-407C-8073-002522DE7866} = {21C65776-340C-4FA5-8E91-CD320DCDF439}
		{9E79CF2E-795B-4E75-AA41-F6EDBA79D985} = {21C65776-340C-4FA5-8E91-CD320DCDF439}
		{3C4CADE5-1639-49D6-8B5A-17D58FEDF0DF} = {21C65776-340C-4FA5-8E91-CD320DCDF439}
		{12EC39AB-0E8C-4A63-BC5C-40C2E8F461BE} = {21C65776-340C-4FA5-8E91-CD320DCDF439}
		{D6F9FEF2-03B8-4B20-BA54-688FE01E5A5B} = {421144B9-1994-459F-AAC9-A1D1235EEE89}
		{A956D1CE-75B9-403A-8DCC-61F9B7A75C3F} = {421144B9-1994-459F-AAC9-A1D1235EEE89}
		{406E16EE-8967-4A2E-9453-44E9392A99EF} = {421144B9-1994-459F-AAC9-A1D1235EEE89}
		{1C8599AA-B000-4020-BA34-BC17CFCBCE6D} = {56A18FEB-F470-4B12-BAA3-BBAABE535A14}
		{00210D4C-5B55-44ED-B69C-B0FB1AE56335} = {421144B9-1994-459F-AAC9-A1D1235EEE89}
		{EF266E84-E14C-4F76-BC88-81FECC0E708F} = {421144B9-1994-459F-AAC9-A1D1235EEE89}
		{5AFC3A1E-09FA-449A-9F78-4A08C390C4EE} = {421144B9-1994-459F-AAC9-A1D1235EEE89}
		{73F08FFE-9F9A-4190-A016-49C4AA3BEF0B} = {421144B9-1994-459F-AAC9-A1D1235EEE89}
		{1D1786FF-6406-431A-AB53-DF5784672DDC} = {421144B9-1994-459F-AAC9-A1D1235EEE89}
		{A22ABF62-948A-4B24-9AD7-CDF75AC252BA} = {421144B9-1994-459F-AAC9-A1D1235EEE89}
		{60BD2318-6FE0-4C95-880E-B39383AC39D3} = {421144B9-1994-459F-AAC9-A1D1235EEE89}
		{66196010-4EBE-4DF7-B28E-10B27B5AECB4} = {421144B9-1994-459F-AAC9-A1D1235EEE89}
		{A3A7066F-6787-4DB8-8CB3-D1B1CB564BEE} = {421144B9-1994-459F-AAC9-A1D1235EEE89}
		{A30660A6-9EC3-4D3D-82AD-01D9579ACECC} = {421144B9-1994-459F-AAC9-A1D1235EEE89}
		{C300D24C-C33B-43B0-8F6F-3A37D3D62EF6} = {21C65776-340C-4FA5-8E91-CD320DCDF439}
	EndGlobalSection
	GlobalSection(ExtensibilityGlobals) = postSolution
		SolutionGuid = {E7D3EC00-4913-4E48-AD17-8F2CE34B8846}
	EndGlobalSection
EndGlobal
